
Microsoft Visual Studio Solution File, Format Version 12.00
# Visual Studio Version 16
VisualStudioVersion = 16.0.28803.202
MinimumVisualStudioVersion = 10.0.40219.1
Project("{FAE04EC0-301F-11D3-BF4B-00C04F79EFBC}") = "datainspectorExport", "datainspectorExport\datainspectorExport.csproj", "{7B5B7A01-B77E-45C6-BE90-92965459E3B2}"
EndProject
Global
	GlobalSection(SolutionConfigurationPlatforms) = preSolution
		Debug|Any CPU = Debug|Any CPU
		Release|Any CPU = Release|Any CPU
	EndGlobalSection
	GlobalSection(ProjectConfigurationPlatforms) = postSolution
		{7B5B7A01-B77E-45C6-BE90-92965459E3B2}.Debug|Any CPU.ActiveCfg = Debug|Any CPU
		{7B5B7A01-B77E-45C6-BE90-92965459E3B2}.Debug|Any CPU.Build.0 = Debug|Any CPU
		{7B5B7A01-B77E-45C6-BE90-92965459E3B2}.Release|Any CPU.ActiveCfg = Release|Any CPU
		{7B5B7A01-B77E-45C6-BE90-92965459E3B2}.Release|Any CPU.Build.0 = Release|Any CPU
	EndGlobalSection
	GlobalSection(SolutionProperties) = preSolution
		HideSolutionNode = FALSE
	EndGlobalSection
	GlobalSection(ExtensibilityGlobals) = postSolution
		SolutionGuid = {45BC78EA-4FF0-4446-A97F-8AB2550D6E07}
	EndGlobalSection
EndGlobal
